// !$*UTF8*$!
{
	archiveVersion = 1;
	classes = {
	};
	objectVersion = 77;
	objects = {

/* Begin PBXContainerItemProxy section */
		8D18417F2FA57D9F00CBD254 /* PBXContainerItemProxy */ = {
			isa = PBXContainerItemProxy;
			containerPortal = 8D1841672FA57D9D00CBD254 /* Project object */;
			proxyType = 1;
			remoteGlobalIDString = 8D18416E2FA57D9D00CBD254;
			remoteInfo = ClothingAssist4;
		};
		8D1841892FA57D9F00CBD254 /* PBXContainerItemProxy */ = {
			isa = PBXContainerItemProxy;
			containerPortal = 8D1841672FA57D9D00CBD254 /* Project object */;
			proxyType = 1;
			remoteGlobalIDString = 8D18416E2FA57D9D00CBD254;
			remoteInfo = ClothingAssist4;
		};
/* End PBXContainerItemProxy section */

/* Begin PBXFileReference section */
		8D18416F2FA57D9D00CBD254 /* ClothingAssist4.app */ = {isa = PBXFileReference; explicitFileType = wrapper.application; includeInIndex = 0; path = ClothingAssist4.app; sourceTree = BUILT_PRODUCTS_DIR; };
		8D18417E2FA57D9F00CBD254 /* ClothingAssist4Tests.xctest */ = {isa = PBXFileReference; explicitFileType = wrapper.cfbundle; includeInIndex = 0; path = ClothingAssist4Tests.xctest; sourceTree = BUILT_PRODUCTS_DIR; };
		8D1841882FA57D9F00CBD254 /* ClothingAssist4UITests.xctest */ = {isa = PBXFileReference; explicitFileType = wrapper.cfbundle; includeInIndex = 0; path = ClothingAssist4UITests.xctest; sourceTree = BUILT_PRODUCTS_DIR; };
/* End PBXFileReference section */

/* Begin PBXFileSystemSynchronizedRootGroup section */
		8D1841712FA57D9D00CBD254 /* ClothingAssist4 */ = {
			isa = PBXFileSystemSynchronizedRootGroup;
			path = ClothingAssist4;
			sourceTree = "<group>";
		};
		8D1841812FA57D9F00CBD254 /* ClothingAssist4Tests */ = {
			isa = PBXFileSystemSynchronizedRootGroup;
			path = ClothingAssist4Tests;
			sourceTree = "<group>";
		};
		8D18418B2FA57D9F00CBD254 /* ClothingAssist4UITests */ = {
			isa = PBXFileSystemSynchronizedRootGroup;
			path = ClothingAssist4UITests;
			sourceTree = "<group>";
		};
/* End PBXFileSystemSynchronizedRootGroup section */

/* Begin PBXFrameworksBuildPhase section */
		8D18416C2FA57D9D00CBD254 /* Frameworks */ = {
			isa = PBXFrameworksBuildPhase;
			buildActionMask = 2147483647;
			files = (
			);
			runOnlyForDeploymentPostprocessing = 0;
		};
		8D18417B2FA57D9F00CBD254 /* Frameworks */ = {
			isa = PBXFrameworksBuildPhase;
			buildActionMask = 2147483647;
			files = (
			);
			runOnlyForDeploymentPostprocessing = 0;
		};
		8D1841852FA57D9F00CBD254 /* Frameworks */ = {
			isa = PBXFrameworksBuildPhase;
			buildActionMask = 2147483647;
			files = (
			);
			runOnlyForDeploymentPostprocessing = 0;
		};
/* End PBXFrameworksBuildPhase section */

/* Begin PBXGroup section */
		8D1841662FA57D9D00CBD254 = {
			isa = PBXGroup;
			children = (
				8D1841712FA57D9D00CBD254 /* ClothingAssist4 */,
				8D1841812FA57D9F00CBD254 /* ClothingAssist4Tests */,
				8D18418B2FA57D9F00CBD254 /* ClothingAssist4UITests */,
				8D1841702FA57D9D00CBD254 /* Products */,
			);
			sourceTree = "<group>";
		};
		8D1841702FA57D9D00CBD254 /* Products */ = {
			isa = PBXGroup;
			children = (
				8D18416F2FA57D9D00CBD254 /* ClothingAssist4.app */,
				8D18417E2FA57D9F00CBD254 /* ClothingAssist4Tests.xctest */,
				8D1841882FA57D9F00CBD254 /* ClothingAssist4UITests.xctest */,
			);
			name = Products;
			sourceTree = "<group>";
		};
/* End PBXGroup section */

/* Begin PBXNativeTarget section */
		8D18416E2FA57D9D00CBD254 /* ClothingAssist4 */ = {
			isa = PBXNativeTarget;
			buildConfigurationList = 8D1841922FA57D9F00CBD254 /* Build configuration list for PBXNativeTarget "ClothingAssist4" */;
			buildPhases = (
				8D18416B2FA57D9D00CBD254 /* Sources */,
				8D18416C2FA57D9D00CBD254 /* Frameworks */,
				8D18416D2FA57D9D00CBD254 /* Resources */,
			);
			buildRules = (
			);
			dependencies = (
			);
			fileSystemSynchronizedGroups = (
				8D1841712FA57D9D00CBD254 /* ClothingAssist4 */,
			);
			name = ClothingAssist4;
			packageProductDependencies = (
			);
			productName = ClothingAssist4;
			productReference = 8D18416F2FA57D9D00CBD254 /* ClothingAssist4.app */;
			productType = "com.apple.product-type.application";
		};
		8D18417D2FA57D9F00CBD254 /* ClothingAssist4Tests */ = {
			isa = PBXNativeTarget;
			buildConfigurationList = 8D1841952FA57D9F00CBD254 /* Build configuration list for PBXNativeTarget "ClothingAssist4Tests" */;
			buildPhases = (
				8D18417A2FA57D9F00CBD254 /* Sources */,
				8D18417B2FA57D9F00CBD254 /* Frameworks */,
				8D18417C2FA57D9F00CBD254 /* Resources */,
			);
			buildRules = (
			);
			dependencies = (
				8D1841802FA57D9F00CBD254 /* PBXTargetDependency */,
			);
			fileSystemSynchronizedGroups = (
				8D1841812FA57D9F00CBD254 /* ClothingAssist4Tests */,
			);
			name = ClothingAssist4Tests;
			packageProductDependencies = (
			);
			productName = ClothingAssist4Tests;
			productReference = 8D18417E2FA57D9F00CBD254 /* ClothingAssist4Tests.xctest */;
			productType = "com.apple.product-type.bundle.unit-test";
		};
		8D1841872FA57D9F00CBD254 /* ClothingAssist4UITests */ = {
			isa = PBXNativeTarget;
			buildConfigurationList = 8D1841982FA57D9F00CBD254 /* Build configuration list for PBXNativeTarget "ClothingAssist4UITests" */;
			buildPhases = (
				8D1841842FA57D9F00CBD254 /* Sources */,
				8D1841852FA57D9F00CBD254 /* Frameworks */,
				8D1841862FA57D9F00CBD254 /* Resources */,
			);
			buildRules = (
			);
			dependencies = (
				8D18418A2FA57D9F00CBD254 /* PBXTargetDependency */,
			);
			fileSystemSynchronizedGroups = (
				8D18418B2FA57D9F00CBD254 /* ClothingAssist4UITests */,
			);
			name = ClothingAssist4UITests;
			packageProductDependencies = (
			);
			productName = ClothingAssist4UITests;
			productReference = 8D1841882FA57D9F00CBD254 /* ClothingAssist4UITests.xctest */;
			productType = "com.apple.product-type.bundle.ui-testing";
		};
/* End PBXNativeTarget section */

/* Begin PBXProject section */
		8D1841672FA57D9D00CBD254 /* Project object */ = {
			isa = PBXProject;
			attributes = {
				BuildIndependentTargetsInParallel = 1;
				LastSwiftUpdateCheck = 2620;
				LastUpgradeCheck = 2620;
				TargetAttributes = {
					8D18416E2FA57D9D00CBD254 = {
						CreatedOnToolsVersion = 26.2;
					};
					8D18417D2FA57D9F00CBD254 = {
						CreatedOnToolsVersion = 26.2;
						TestTargetID = 8D18416E2FA57D9D00CBD254;
					};
					8D1841872FA57D9F00CBD254 = {
						CreatedOnToolsVersion = 26.2;
						TestTargetID = 8D18416E2FA57D9D00CBD254;
					};
				};
			};
			buildConfigurationList = 8D18416A2FA57D9D00CBD254 /* Build configuration list for PBXProject "ClothingAssist4" */;
			developmentRegion = en;
			hasScannedForEncodings = 0;
			knownRegions = (
				en,
				Base,
			);
			mainGroup = 8D1841662FA57D9D00CBD254;
			minimizedProjectReferenceProxies = 1;
			preferredProjectObjectVersion = 77;
			productRefGroup = 8D1841702FA57D9D00CBD254 /* Products */;
			projectDirPath = "";
			projectRoot = "";
			targets = (
				8D18416E2FA57D9D00CBD254 /* ClothingAssist4 */,
				8D18417D2FA57D9F00CBD254 /* ClothingAssist4Tests */,
				8D1841872FA57D9F00CBD254 /* ClothingAssist4UITests */,
			);
		};
/* End PBXProject section */

/* Begin PBXResourcesBuildPhase section */
		8D18416D2FA57D9D00CBD254 /* Resources */ = {
			isa = PBXResourcesBuildPhase;
			buildActionMask = 2147483647;
			files = (
			);
			runOnlyForDeploymentPostprocessing = 0;
		};
		8D18417C2FA57D9F00CBD254 /* Resources */ = {
			isa = PBXResourcesBuildPhase;
			buildActionMask = 2147483647;
			files = (
			);
			runOnlyForDeploymentPostprocessing = 0;
		};
		8D1841862FA57D9F00CBD254 /* Resources */ = {
			isa = PBXResourcesBuildPhase;
			buildActionMask = 2147483647;
			files = (
			);
			runOnlyForDeploymentPostprocessing = 0;
		};
/* End PBXResourcesBuildPhase section */

/* Begin PBXSourcesBuildPhase section */
		8D18416B2FA57D9D00CBD254 /* Sources */ = {
			isa = PBXSourcesBuildPhase;
			buildActionMask = 2147483647;
			files = (
			);
			runOnlyForDeploymentPostprocessing = 0;
		};
		8D18417A2FA57D9F00CBD254 /* Sources */ = {
			isa = PBXSourcesBuildPhase;
			buildActionMask = 2147483647;
			files = (
			);
			runOnlyForDeploymentPostprocessing = 0;
		};
		8D1841842FA57D9F00CBD254 /* Sources */ = {
			isa = PBXSourcesBuildPhase;
			buildActionMask = 2147483647;
			files = (
			);
			runOnlyForDeploymentPostprocessing = 0;
		};
/* End PBXSourcesBuildPhase section */

/* Begin PBXTargetDependency section */
		8D1841802FA57D9F00CBD254 /* PBXTargetDependency */ = {
			isa = PBXTargetDependency;
			target = 8D18416E2FA57D9D00CBD254 /* ClothingAssist4 */;
			targetProxy = 8D18417F2FA57D9F00CBD254 /* PBXContainerItemProxy */;
		};
		8D18418A2FA57D9F00CBD254 /* PBXTargetDependency */ = {
			isa = PBXTargetDependency;
			target = 8D18416E2FA57D9D00CBD254 /* ClothingAssist4 */;
			targetProxy = 8D1841892FA57D9F00CBD254 /* PBXContainerItemProxy */;
		};
/* End PBXTargetDependency section */

/* Begin XCBuildConfiguration section */
		8D1841902FA57D9F00CBD254 /* Debug */ = {
			isa = XCBuildConfiguration;
			buildSettings = {
				ALWAYS_SEARCH_USER_PATHS = NO;
				ASSETCATALOG_COMPILER_GENERATE_SWIFT_ASSET_SYMBOL_EXTENSIONS = YES;
				CLANG_ANALYZER_NONNULL = YES;
				CLANG_ANALYZER_NUMBER_OBJECT_CONVERSION = YES_AGGRESSIVE;
				CLANG_CXX_LANGUAGE_STANDARD = "gnu++20";
				CLANG_ENABLE_MODULES = YES;
				CLANG_ENABLE_OBJC_ARC = YES;
				CLANG_ENABLE_OBJC_WEAK = YES;
				CLANG_WARN_BLOCK_CAPTURE_AUTORELEASING = YES;
				CLANG_WARN_BOOL_CONVERSION = YES;
				CLANG_WARN_COMMA = YES;
				CLANG_WARN_CONSTANT_CONVERSION = YES;
				CLANG_WARN_DEPRECATED_OBJC_IMPLEMENTATIONS = YES;
				CLANG_WARN_DIRECT_OBJC_ISA_USAGE = YES_ERROR;
				CLANG_WARN_DOCUMENTATION_COMMENTS = YES;
				CLANG_WARN_EMPTY_BODY = YES;
				CLANG_WARN_ENUM_CONVERSION = YES;
				CLANG_WARN_INFINITE_RECURSION = YES;
				CLANG_WARN_INT_CONVERSION = YES;
				CLANG_WARN_NON_LITERAL_NULL_CONVERSION = YES;
				CLANG_WARN_OBJC_IMPLICIT_RETAIN_SELF = YES;
				CLANG_WARN_OBJC_LITERAL_CONVERSION = YES;
				CLANG_WARN_OBJC_ROOT_CLASS = YES_ERROR;
				CLANG_WARN_QUOTED_INCLUDE_IN_FRAMEWORK_HEADER = YES;
				CLANG_WARN_RANGE_LOOP_ANALYSIS = YES;
				CLANG_WARN_STRICT_PROTOTYPES = YES;
				CLANG_WARN_SUSPICIOUS_MOVE = YES;
				CLANG_WARN_UNGUARDED_AVAILABILITY = YES_AGGRESSIVE;
				CLANG_WARN_UNREACHABLE_CODE = YES;
				CLANG_WARN__DUPLICATE_METHOD_MATCH = YES;
				COPY_PHASE_STRIP = NO;
				DEBUG_INFORMATION_FORMAT = dwarf;
				DEVELOPMENT_TEAM = S8DY583234;
				ENABLE_STRICT_OBJC_MSGSEND = YES;
				ENABLE_TESTABILITY = YES;
				ENABLE_USER_SCRIPT_SANDBOXING = YES;
				GCC_C_LANGUAGE_STANDARD = gnu17;
				GCC_DYNAMIC_NO_PIC = NO;
				GCC_NO_COMMON_BLOCKS = YES;
				GCC_OPTIMIZATION_LEVEL = 0;
				GCC_PREPROCESSOR_DEFINITIONS = (
					"DEBUG=1",
					"$(inherited)",
				);
				GCC_WARN_64_TO_32_BIT_CONVERSION = YES;
				GCC_WARN_ABOUT_RETURN_TYPE = YES_ERROR;
				GCC_WARN_UNDECLARED_SELECTOR = YES;
				GCC_WARN_UNINITIALIZED_AUTOS = YES_AGGRESSIVE;
				GCC_WARN_UNUSED_FUNCTION = YES;
				GCC_WARN_UNUSED_VARIABLE = YES;
				IPHONEOS_DEPLOYMENT_TARGET = 26.2;
				LOCALIZATION_PREFERS_STRING_CATALOGS = YES;
				MTL_ENABLE_DEBUG_INFO = INCLUDE_SOURCE;
				MTL_FAST_MATH = YES;
				ONLY_ACTIVE_ARCH = YES;
				SDKROOT = iphoneos;
				SWIFT_ACTIVE_COMPILATION_CONDITIONS = "DEBUG $(inherited)";
				SWIFT_OPTIMIZATION_LEVEL = "-Onone";
			};
			name = Debug;
		};
		8D1841912FA57D9F00CBD254 /* Release */ = {
			isa = XCBuildConfiguration;
			buildSettings = {
				ALWAYS_SEARCH_USER_PATHS = NO;
				ASSETCATALOG_COMPILER_GENERATE_SWIFT_ASSET_SYMBOL_EXTENSIONS = YES;
				CLANG_ANALYZER_NONNULL = YES;
				CLANG_ANALYZER_NUMBER_OBJECT_CONVERSION = YES_AGGRESSIVE;
				CLANG_CXX_LANGUAGE_STANDARD = "gnu++20";
				CLANG_ENABLE_MODULES = YES;
				CLANG_ENABLE_OBJC_ARC = YES;
				CLANG_ENABLE_OBJC_WEAK = YES;
				CLANG_WARN_BLOCK_CAPTURE_AUTORELEASING = YES;
				CLANG_WARN_BOOL_CONVERSION = YES;
				CLANG_WARN_COMMA = YES;
				CLANG_WARN_CONSTANT_CONVERSION = YES;
				CLANG_WARN_DEPRECATED_OBJC_IMPLEMENTATIONS = YES;
				CLANG_WARN_DIRECT_OBJC_ISA_USAGE = YES_ERROR;
				CLANG_WARN_DOCUMENTATION_COMMENTS = YES;
				CLANG_WARN_EMPTY_BODY = YES;
				CLANG_WARN_ENUM_CONVERSION = YES;
				CLANG_WARN_INFINITE_RECURSION = YES;
				CLANG_WARN_INT_CONVERSION = YES;
				CLANG_WARN_NON_LITERAL_NULL_CONVERSION = YES;
				CLANG_WARN_OBJC_IMPLICIT_RETAIN_SELF = YES;
				CLANG_WARN_OBJC_LITERAL_CONVERSION = YES;
				CLANG_WARN_OBJC_ROOT_CLASS = YES_ERROR;
				CLANG_WARN_QUOTED_INCLUDE_IN_FRAMEWORK_HEADER = YES;
				CLANG_WARN_RANGE_LOOP_ANALYSIS = YES;
				CLANG_WARN_STRICT_PROTOTYPES = YES;
				CLANG_WARN_SUSPICIOUS_MOVE = YES;
				CLANG_WARN_UNGUARDED_AVAILABILITY = YES_AGGRESSIVE;
				CLANG_WARN_UNREACHABLE_CODE = YES;
				CLANG_WARN__DUPLICATE_METHOD_MATCH = YES;
				COPY_PHASE_STRIP = NO;
				DEBUG_INFORMATION_FORMAT = "dwarf-with-dsym";
				DEVELOPMENT_TEAM = S8DY583234;
				ENABLE_NS_ASSERTIONS = NO;
				ENABLE_STRICT_OBJC_MSGSEND = YES;
				ENABLE_USER_SCRIPT_SANDBOXING = YES;
				GCC_C_LANGUAGE_STANDARD = gnu17;
				GCC_NO_COMMON_BLOCKS = YES;
				GCC_WARN_64_TO_32_BIT_CONVERSION = YES;
				GCC_WARN_ABOUT_RETURN_TYPE = YES_ERROR;
				GCC_WARN_UNDECLARED_SELECTOR = YES;
				GCC_WARN_UNINITIALIZED_AUTOS = YES_AGGRESSIVE;
				GCC_WARN_UNUSED_FUNCTION = YES;
				GCC_WARN_UNUSED_VARIABLE = YES;
				IPHONEOS_DEPLOYMENT_TARGET = 26.2;
				LOCALIZATION_PREFERS_STRING_CATALOGS = YES;
				MTL_ENABLE_DEBUG_INFO = NO;
				MTL_FAST_MATH = YES;
				SDKROOT = iphoneos;
				SWIFT_COMPILATION_MODE = wholemodule;
				VALIDATE_PRODUCT = YES;
			};
			name = Release;
		};
		8D1841932FA57D9F00CBD254 /* Debug */ = {
			isa = XCBuildConfiguration;
			buildSettings = {
				ASSETCATALOG_COMPILER_APPICON_NAME = AppIcon;
				ASSETCATALOG_COMPILER_GLOBAL_ACCENT_COLOR_NAME = AccentColor;
				CODE_SIGN_STYLE = Automatic;
				CURRENT_PROJECT_VERSION = 1;
				DEVELOPMENT_TEAM = S8DY583234;
				ENABLE_PREVIEWS = YES;
				GENERATE_INFOPLIST_FILE = YES;
				INFOPLIST_KEY_NSCameraUsageDescription = "We use your camera to see your clothing";
				INFOPLIST_KEY_NSMicrophoneUsageDescription = "We need your mic to hear your outfit request";
				INFOPLIST_KEY_NSSpeechRecognitionUsageDescription = "We use speech recognition to understand what you want to wear";
				INFOPLIST_KEY_UIApplicationSceneManifest_Generation = YES;
				INFOPLIST_KEY_UIApplicationSupportsIndirectInputEvents = YES;
				INFOPLIST_KEY_UILaunchScreen_Generation = YES;
				INFOPLIST_KEY_UISupportedInterfaceOrientations_iPad = "UIInterfaceOrientationPortrait UIInterfaceOrientationPortraitUpsideDown UIInterfaceOrientationLandscapeLeft UIInterfaceOrientationLandscapeRight";
				INFOPLIST_KEY_UISupportedInterfaceOrientations_iPhone = "UIInterfaceOrientationPortrait UIInterfaceOrientationLandscapeLeft UIInterfaceOrientationLandscapeRight";
				LD_RUNPATH_SEARCH_PATHS = (
					"$(inherited)",
					"@executable_path/Frameworks",
				);
				MARKETING_VERSION = 1.0;
				PRODUCT_BUNDLE_IDENTIFIER = TSA.ClothingAssist2;
				PRODUCT_NAME = "$(TARGET_NAME)";
				STRING_CATALOG_GENERATE_SYMBOLS = YES;
				SWIFT_APPROACHABLE_CONCURRENCY = YES;
				SWIFT_DEFAULT_ACTOR_ISOLATION = MainActor;
				SWIFT_EMIT_LOC_STRINGS = YES;
				SWIFT_UPCOMING_FEATURE_MEMBER_IMPORT_VISIBILITY = YES;
				SWIFT_VERSION = 5.0;
				TARGETED_DEVICE_FAMILY = "1,2";
			};
			name = Debug;
		};
		8D1841942FA57D9F00CBD254 /* Release */ = {
			isa = XCBuildConfiguration;
			buildSettings = {
				ASSETCATALOG_COMPILER_APPICON_NAME = AppIcon;
				ASSETCATALOG_COMPILER_GLOBAL_ACCENT_COLOR_NAME = AccentColor;
				CODE_SIGN_STYLE = Automatic;
				CURRENT_PROJECT_VERSION = 1;
				DEVELOPMENT_TEAM = S8DY583234;
				ENABLE_PREVIEWS = YES;
				GENERATE_INFOPLIST_FILE = YES;
				INFOPLIST_KEY_NSCameraUsageDescription = "We use your camera to see your clothing";
				INFOPLIST_KEY_NSMicrophoneUsageDescription = "We need your mic to hear your outfit request";
				INFOPLIST_KEY_NSSpeechRecognitionUsageDescription = "We use speech recognition to understand what you want to wear";
				INFOPLIST_KEY_UIApplicationSceneManifest_Generation = YES;
				INFOPLIST_KEY_UIApplicationSupportsIndirectInputEvents = YES;
				INFOPLIST_KEY_UILaunchScreen_Generation = YES;
				INFOPLIST_KEY_UISupportedInterfaceOrientations_iPad = "UIInterfaceOrientationPortrait UIInterfaceOrientationPortraitUpsideDown UIInterfaceOrientationLandscapeLeft UIInterfaceOrientationLandscapeRight";
				INFOPLIST_KEY_UISupportedInterfaceOrientations_iPhone = "UIInterfaceOrientationPortrait UIInterfaceOrientationLandscapeLeft UIInterfaceOrientationLandscapeRight";
				LD_RUNPATH_SEARCH_PATHS = (
					"$(inherited)",
					"@executable_path/Frameworks",
				);
				MARKETING_VERSION = 1.0;
				PRODUCT_BUNDLE_IDENTIFIER = TSA.ClothingAssist2;
				PRODUCT_NAME = "$(TARGET_NAME)";
				STRING_CATALOG_GENERATE_SYMBOLS = YES;
				SWIFT_APPROACHABLE_CONCURRENCY = YES;
				SWIFT_DEFAULT_ACTOR_ISOLATION = MainActor;
				SWIFT_EMIT_LOC_STRINGS = YES;
				SWIFT_UPCOMING_FEATURE_MEMBER_IMPORT_VISIBILITY = YES;
				SWIFT_VERSION = 5.0;
				TARGETED_DEVICE_FAMILY = "1,2";
			};
			name = Release;
		};
		8D1841962FA57D9F00CBD254 /* Debug */ = {
			isa = XCBuildConfiguration;
			buildSettings = {
				BUNDLE_LOADER = "$(TEST_HOST)";
				CODE_SIGN_STYLE = Automatic;
				CURRENT_PROJECT_VERSION = 1;
				DEVELOPMENT_TEAM = S8DY583234;
				GENERATE_INFOPLIST_FILE = YES;
				IPHONEOS_DEPLOYMENT_TARGET = 26.2;
				MARKETING_VERSION = 1.0;
				PRODUCT_BUNDLE_IDENTIFIER = TSA.ClothingAssist4Tests;
				PRODUCT_NAME = "$(TARGET_NAME)";
				STRING_CATALOG_GENERATE_SYMBOLS = NO;
				SWIFT_APPROACHABLE_CONCURRENCY = YES;
				SWIFT_EMIT_LOC_STRINGS = NO;
				SWIFT_UPCOMING_FEATURE_MEMBER_IMPORT_VISIBILITY = YES;
				SWIFT_VERSION = 5.0;
				TARGETED_DEVICE_FAMILY = "1,2";
				TEST_HOST = "$(BUILT_PRODUCTS_DIR)/ClothingAssist4.app/$(BUNDLE_EXECUTABLE_FOLDER_PATH)/ClothingAssist4";
			};
			name = Debug;
		};
		8D1841972FA57D9F00CBD254 /* Release */ = {
			isa = XCBuildConfiguration;
			buildSettings = {
				BUNDLE_LOADER = "$(TEST_HOST)";
				CODE_SIGN_STYLE = Automatic;
				CURRENT_PROJECT_VERSION = 1;
				DEVELOPMENT_TEAM = S8DY583234;
				GENERATE_INFOPLIST_FILE = YES;
				IPHONEOS_DEPLOYMENT_TARGET = 26.2;
				MARKETING_VERSION = 1.0;
				PRODUCT_BUNDLE_IDENTIFIER = TSA.ClothingAssist4Tests;
				PRODUCT_NAME = "$(TARGET_NAME)";
				STRING_CATALOG_GENERATE_SYMBOLS = NO;
				SWIFT_APPROACHABLE_CONCURRENCY = YES;
				SWIFT_EMIT_LOC_STRINGS = NO;
				SWIFT_UPCOMING_FEATURE_MEMBER_IMPORT_VISIBILITY = YES;
				SWIFT_VERSION = 5.0;
				TARGETED_DEVICE_FAMILY = "1,2";
				TEST_HOST = "$(BUILT_PRODUCTS_DIR)/ClothingAssist4.app/$(BUNDLE_EXECUTABLE_FOLDER_PATH)/ClothingAssist4";
			};
			name = Release;
		};
		8D1841992FA57D9F00CBD254 /* Debug */ = {
			isa = XCBuildConfiguration;
			buildSettings = {
				CODE_SIGN_STYLE = Automatic;
				CURRENT_PROJECT_VERSION = 1;
				DEVELOPMENT_TEAM = S8DY583234;
				GENERATE_INFOPLIST_FILE = YES;
				MARKETING_VERSION = 1.0;
				PRODUCT_BUNDLE_IDENTIFIER = TSA.ClothingAssist4UITests;
				PRODUCT_NAME = "$(TARGET_NAME)";
				STRING_CATALOG_GENERATE_SYMBOLS = NO;
				SWIFT_APPROACHABLE_CONCURRENCY = YES;
				SWIFT_EMIT_LOC_STRINGS = NO;
				SWIFT_UPCOMING_FEATURE_MEMBER_IMPORT_VISIBILITY = YES;
				SWIFT_VERSION = 5.0;
				TARGETED_DEVICE_FAMILY = "1,2";
				TEST_TARGET_NAME = ClothingAssist4;
			};
			name = Debug;
		};
		8D18419A2FA57D9F00CBD254 /* Release */ = {
			isa = XCBuildConfiguration;
			buildSettings = {
				CODE_SIGN_STYLE = Automatic;
				CURRENT_PROJECT_VERSION = 1;
				DEVELOPMENT_TEAM = S8DY583234;
				GENERATE_INFOPLIST_FILE = YES;
				MARKETING_VERSION = 1.0;
				PRODUCT_BUNDLE_IDENTIFIER = TSA.ClothingAssist4UITests;
				PRODUCT_NAME = "$(TARGET_NAME)";
				STRING_CATALOG_GENERATE_SYMBOLS = NO;
				SWIFT_APPROACHABLE_CONCURRENCY = YES;
				SWIFT_EMIT_LOC_STRINGS = NO;
				SWIFT_UPCOMING_FEATURE_MEMBER_IMPORT_VISIBILITY = YES;
				SWIFT_VERSION = 5.0;
				TARGETED_DEVICE_FAMILY = "1,2";
				TEST_TARGET_NAME = ClothingAssist4;
			};
			name = Release;
		};
/* End XCBuildConfiguration section */

/* Begin XCConfigurationList section */
		8D18416A2FA57D9D00CBD254 /* Build configuration list for PBXProject "ClothingAssist4" */ = {
			isa = XCConfigurationList;
			buildConfigurations = (
				8D1841902FA57D9F00CBD254 /* Debug */,
				8D1841912FA57D9F00CBD254 /* Release */,
			);
			defaultConfigurationIsVisible = 0;
			defaultConfigurationName = Release;
		};
		8D1841922FA57D9F00CBD254 /* Build configuration list for PBXNativeTarget "ClothingAssist4" */ = {
			isa = XCConfigurationList;
			buildConfigurations = (
				8D1841932FA57D9F00CBD254 /* Debug */,
				8D1841942FA57D9F00CBD254 /* Release */,
			);
			defaultConfigurationIsVisible = 0;
			defaultConfigurationName = Release;
		};
		8D1841952FA57D9F00CBD254 /* Build configuration list for PBXNativeTarget "ClothingAssist4Tests" */ = {
			isa = XCConfigurationList;
			buildConfigurations = (
				8D1841962FA57D9F00CBD254 /* Debug */,
				8D1841972FA57D9F00CBD254 /* Release */,
			);
			defaultConfigurationIsVisible = 0;
			defaultConfigurationName = Release;
		};
		8D1841982FA57D9F00CBD254 /* Build configuration list for PBXNativeTarget "ClothingAssist4UITests" */ = {
			isa = XCConfigurationList;
			buildConfigurations = (
				8D1841992FA57D9F00CBD254 /* Debug */,
				8D18419A2FA57D9F00CBD254 /* Release */,
			);
			defaultConfigurationIsVisible = 0;
			defaultConfigurationName = Release;
		};
/* End XCConfigurationList section */
	};
	rootObject = 8D1841672FA57D9D00CBD254 /* Project object */;
}
